
Microsoft Visual Studio Solution File, Format Version 12.00
# Visual Studio 15
Project("{FAE04EC0-301F-11D3-BF4B-00C04F79EFBC}") = "Inlupp-2", "Inlupp-2\Inlupp-2.csproj", "{BBE0A920-6B7A-498B-96E3-8578AA85A136}"
EndProject
Global
	GlobalSection(SolutionConfigurationPlatforms) = preSolution
		Debug|Any CPU = Debug|Any CPU
		Release|Any CPU = Release|Any CPU
	EndGlobalSection
	GlobalSection(ProjectConfigurationPlatforms) = postSolution
		{BBE0A920-6B7A-498B-96E3-8578AA85A136}.Debug|Any CPU.ActiveCfg = Debug|Any CPU
		{BBE0A920-6B7A-498B-96E3-8578AA85A136}.Debug|Any CPU.Build.0 = Debug|Any CPU
		{BBE0A920-6B7A-498B-96E3-8578AA85A136}.Release|Any CPU.ActiveCfg = Release|Any CPU
		{BBE0A920-6B7A-498B-96E3-8578AA85A136}.Release|Any CPU.Build.0 = Release|Any CPU
	EndGlobalSection
EndGlobal
